
Microsoft Visual Studio Solution File, Format Version 12.00
# Visual Studio Version 16
VisualStudioVersion = 16.0.32228.343
MinimumVisualStudioVersion = 10.0.40219.1
Project("{FAE04EC0-301F-11D3-BF4B-00C04F79EFBC}") = "E-commerce", "E-commerce\E-commerce.csproj", "{0C8788D0-1BF6-42A2-94BC-8E77677856DB}"
EndProject
Global
	GlobalSection(SolutionConfigurationPlatforms) = preSolution
		Debug|Any CPU = Debug|Any CPU
		Release|Any CPU = Release|Any CPU
	EndGlobalSection
	GlobalSection(ProjectConfigurationPlatforms) = postSolution
		{0C8788D0-1BF6-42A2-94BC-8E77677856DB}.Debug|Any CPU.ActiveCfg = Debug|Any CPU
		{0C8788D0-1BF6-42A2-94BC-8E77677856DB}.Debug|Any CPU.Build.0 = Debug|Any CPU
		{0C8788D0-1BF6-42A2-94BC-8E77677856DB}.Release|Any CPU.ActiveCfg = Release|Any CPU
		{0C8788D0-1BF6-42A2-94BC-8E77677856DB}.Release|Any CPU.Build.0 = Release|Any CPU
	EndGlobalSection
	GlobalSection(SolutionProperties) = preSolution
		HideSolutionNode = FALSE
	EndGlobalSection
	GlobalSection(ExtensibilityGlobals) = postSolution
		SolutionGuid = {8249F079-6F87-4A0F-9837-8EEEB8CF9E9B}
	EndGlobalSection
EndGlobal
